
Microsoft Visual Studio Solution File, Format Version 12.00
# Visual Studio Version 16
VisualStudioVersion = 16.0.29926.136
MinimumVisualStudioVersion = 10.0.40219.1
Project("{9A19103F-16F7-4668-BE54-9A1E7A4F7556}") = "LemixDiscordMusikBot", "LemixDiscordMusikBot\LemixDiscordMusikBot.csproj", "{7805CB23-6AEF-4901-A7D0-4EA40A73D0D2}"
EndProject
Project("{2150E333-8FDC-42A3-9474-1A3956D46DE8}") = "DiscordBot", "DiscordBot", "{07C12EF2-6516-4C31-B39E-233738D519D8}"
EndProject
Global
	GlobalSection(SolutionConfigurationPlatforms) = preSolution
		Debug|Any CPU = Debug|Any CPU
		DiscordBot|Any CPU = DiscordBot|Any CPU
		Release|Any CPU = Release|Any CPU
	EndGlobalSection
	GlobalSection(ProjectConfigurationPlatforms) = postSolution
		{7805CB23-6AEF-4901-A7D0-4EA40A73D0D2}.Debug|Any CPU.ActiveCfg = Debug|Any CPU
		{7805CB23-6AEF-4901-A7D0-4EA40A73D0D2}.Debug|Any CPU.Build.0 = Debug|Any CPU
		{7805CB23-6AEF-4901-A7D0-4EA40A73D0D2}.DiscordBot|Any CPU.ActiveCfg = DiscordBot|Any CPU
		{7805CB23-6AEF-4901-A7D0-4EA40A73D0D2}.DiscordBot|Any CPU.Build.0 = DiscordBot|Any CPU
		{7805CB23-6AEF-4901-A7D0-4EA40A73D0D2}.Release|Any CPU.ActiveCfg = Release|Any CPU
		{7805CB23-6AEF-4901-A7D0-4EA40A73D0D2}.Release|Any CPU.Build.0 = Release|Any CPU
	EndGlobalSection
	GlobalSection(SolutionProperties) = preSolution
		HideSolutionNode = FALSE
	EndGlobalSection
	GlobalSection(NestedProjects) = preSolution
		{7805CB23-6AEF-4901-A7D0-4EA40A73D0D2} = {07C12EF2-6516-4C31-B39E-233738D519D8}
	EndGlobalSection
	GlobalSection(ExtensibilityGlobals) = postSolution
		SolutionGuid = {3F9FE051-1025-4910-A6BE-8D09A5F9DD25}
	EndGlobalSection
EndGlobal
